
Microsoft Visual Studio Solution File, Format Version 12.00
# Visual Studio 15
Project("{FAE04EC0-301F-11D3-BF4B-00C04F79EFBC}") = "Facade", "Facade\Facade.csproj", "{6DC20CE9-D643-428B-9D4C-B5D7A807F590}"
EndProject
Global
	GlobalSection(SolutionConfigurationPlatforms) = preSolution
		Debug|anycpu = Debug|anycpu
		Release|anycpu = Release|anycpu
	EndGlobalSection
	GlobalSection(ProjectConfigurationPlatforms) = postSolution
		{6DC20CE9-D643-428B-9D4C-B5D7A807F590}.Debug|anycpu.ActiveCfg = Debug|anycpu
		{6DC20CE9-D643-428B-9D4C-B5D7A807F590}.Debug|anycpu.Build.0 = Debug|anycpu
		{6DC20CE9-D643-428B-9D4C-B5D7A807F590}.Release|anycpu.ActiveCfg = Release|anycpu
		{6DC20CE9-D643-428B-9D4C-B5D7A807F590}.Release|anycpu.Build.0 = Release|anycpu
	EndGlobalSection
EndGlobal
